
Microsoft Visual Studio Solution File, Format Version 12.00
Project("{FAE04EC0-301F-11D3-BF4B-00C04F79EFBC}") = "NotesWebServer", "NotesWebServer\NotesWebServer.csproj", "{0DE9C3E8-6CD8-461C-9978-9E07F5763171}"
EndProject
Global
	GlobalSection(SolutionConfigurationPlatforms) = preSolution
		Debug|Any CPU = Debug|Any CPU
		Release|Any CPU = Release|Any CPU
	EndGlobalSection
	GlobalSection(ProjectConfigurationPlatforms) = postSolution
		{0DE9C3E8-6CD8-461C-9978-9E07F5763171}.Debug|Any CPU.ActiveCfg = Debug|Any CPU
		{0DE9C3E8-6CD8-461C-9978-9E07F5763171}.Debug|Any CPU.Build.0 = Debug|Any CPU
		{0DE9C3E8-6CD8-461C-9978-9E07F5763171}.Release|Any CPU.ActiveCfg = Release|Any CPU
		{0DE9C3E8-6CD8-461C-9978-9E07F5763171}.Release|Any CPU.Build.0 = Release|Any CPU
	EndGlobalSection
EndGlobal
