
Microsoft Visual Studio Solution File, Format Version 12.00
# Visual Studio Version 17
VisualStudioVersion = 17.3.32804.467
MinimumVisualStudioVersion = 10.0.40219.1
Project("{FAE04EC0-301F-11D3-BF4B-00C04F79EFBC}") = "NotesWebServer", "NotesWebServer.csproj", "{D775F7CA-8F82-4660-8F78-7E55512A8FEE}"
EndProject
Global
	GlobalSection(SolutionConfigurationPlatforms) = preSolution
		Debug|Any CPU = Debug|Any CPU
		Release|Any CPU = Release|Any CPU
	EndGlobalSection
	GlobalSection(ProjectConfigurationPlatforms) = postSolution
		{D775F7CA-8F82-4660-8F78-7E55512A8FEE}.Debug|Any CPU.ActiveCfg = Debug|Any CPU
		{D775F7CA-8F82-4660-8F78-7E55512A8FEE}.Debug|Any CPU.Build.0 = Debug|Any CPU
		{D775F7CA-8F82-4660-8F78-7E55512A8FEE}.Release|Any CPU.ActiveCfg = Release|Any CPU
		{D775F7CA-8F82-4660-8F78-7E55512A8FEE}.Release|Any CPU.Build.0 = Release|Any CPU
	EndGlobalSection
	GlobalSection(SolutionProperties) = preSolution
		HideSolutionNode = FALSE
	EndGlobalSection
	GlobalSection(ExtensibilityGlobals) = postSolution
		SolutionGuid = {20C1D5FD-4BCB-425A-AEF4-E2A10C7DC960}
	EndGlobalSection
EndGlobal
